
Microsoft Visual Studio Solution File, Format Version 12.00
# Visual Studio 2013
VisualStudioVersion = 12.0.40629.0
MinimumVisualStudioVersion = 10.0.40219.1
Project("{FAE04EC0-301F-11D3-BF4B-00C04F79EFBC}") = "简单工厂模式", "简单工厂模式\简单工厂模式.csproj", "{6E12FDF0-E1F6-452B-9CE6-C57D1ADA2108}"
EndProject
Project("{FAE04EC0-301F-11D3-BF4B-00C04F79EFBC}") = "工厂(方法)模式", "工厂方法模式\工厂(方法)模式.csproj", "{8D5C5C23-BD01-4DF0-AD2B-B08DE415D5EE}"
EndProject
Project("{FAE04EC0-301F-11D3-BF4B-00C04F79EFBC}") = "抽象工厂模式", "抽象工厂模式\抽象工厂模式.csproj", "{39C9A593-D917-464D-B502-318A65B95421}"
EndProject
Project("{FAE04EC0-301F-11D3-BF4B-00C04F79EFBC}") = "建造者模式", "建造者模式\建造者模式.csproj", "{DEBF3E29-BBE3-42F8-895F-6962DE1A497A}"
EndProject
Project("{2150E333-8FDC-42A3-9474-1A3956D46DE8}") = "创建型", "创建型", "{F719A6D1-01C5-4000-B980-A67F25F8E278}"
EndProject
Project("{FAE04EC0-301F-11D3-BF4B-00C04F79EFBC}") = "原型模式", "原型模式\原型模式.csproj", "{157F0789-C483-4DF1-969C-1F1906D55A25}"
EndProject
Project("{FAE04EC0-301F-11D3-BF4B-00C04F79EFBC}") = "单例模式", "单例模式\单例模式.csproj", "{7BDB53F9-C8C9-4CD4-BE90-5E61DE9607A2}"
EndProject
Project("{FAE04EC0-301F-11D3-BF4B-00C04F79EFBC}") = "观察者模式", "观察者模式\观察者模式.csproj", "{FB38158E-C9BB-4E8D-ADA6-C02BEC0018AD}"
EndProject
Project("{FAE04EC0-301F-11D3-BF4B-00C04F79EFBC}") = "适配器模式", "适配器模式\适配器模式.csproj", "{0B0F57DD-33C1-44FB-83EF-DABC8E324492}"
EndProject
Project("{FAE04EC0-301F-11D3-BF4B-00C04F79EFBC}") = "桥接模式", "桥接模式\桥接模式.csproj", "{21BBF615-F044-445B-B329-4BB79874B5A5}"
EndProject
Project("{2150E333-8FDC-42A3-9474-1A3956D46DE8}") = "结构型", "结构型", "{38FB8A3E-0EC1-4FF0-9572-4A8B50B9D75C}"
EndProject
Project("{2150E333-8FDC-42A3-9474-1A3956D46DE8}") = "行为型", "行为型", "{1454955A-E196-40B4-A16A-FBC9CF8F017A}"
EndProject
Project("{2150E333-8FDC-42A3-9474-1A3956D46DE8}") = "Solution Items", "Solution Items", "{92F261CE-3641-46A3-A2A0-DA4DD2FBE06F}"
	ProjectSection(SolutionItems) = preProject
		Readme.txt = Readme.txt
	EndProjectSection
EndProject
Project("{FAE04EC0-301F-11D3-BF4B-00C04F79EFBC}") = "组合模式", "组合模式\组合模式.csproj", "{8F89C19B-C4E7-4DBD-90AE-3EB7B616E957}"
EndProject
Project("{FAE04EC0-301F-11D3-BF4B-00C04F79EFBC}") = "装饰模式", "装饰模式\装饰模式.csproj", "{C6ED9C94-3895-4F6D-ACAB-8366463D81D6}"
EndProject
Global
	GlobalSection(SolutionConfigurationPlatforms) = preSolution
		Debug|Any CPU = Debug|Any CPU
		Release|Any CPU = Release|Any CPU
	EndGlobalSection
	GlobalSection(ProjectConfigurationPlatforms) = postSolution
		{6E12FDF0-E1F6-452B-9CE6-C57D1ADA2108}.Debug|Any CPU.ActiveCfg = Debug|Any CPU
		{6E12FDF0-E1F6-452B-9CE6-C57D1ADA2108}.Debug|Any CPU.Build.0 = Debug|Any CPU
		{6E12FDF0-E1F6-452B-9CE6-C57D1ADA2108}.Release|Any CPU.ActiveCfg = Release|Any CPU
		{6E12FDF0-E1F6-452B-9CE6-C57D1ADA2108}.Release|Any CPU.Build.0 = Release|Any CPU
		{8D5C5C23-BD01-4DF0-AD2B-B08DE415D5EE}.Debug|Any CPU.ActiveCfg = Debug|Any CPU
		{8D5C5C23-BD01-4DF0-AD2B-B08DE415D5EE}.Debug|Any CPU.Build.0 = Debug|Any CPU
		{8D5C5C23-BD01-4DF0-AD2B-B08DE415D5EE}.Release|Any CPU.ActiveCfg = Release|Any CPU
		{8D5C5C23-BD01-4DF0-AD2B-B08DE415D5EE}.Release|Any CPU.Build.0 = Release|Any CPU
		{39C9A593-D917-464D-B502-318A65B95421}.Debug|Any CPU.ActiveCfg = Debug|Any CPU
		{39C9A593-D917-464D-B502-318A65B95421}.Debug|Any CPU.Build.0 = Debug|Any CPU
		{39C9A593-D917-464D-B502-318A65B95421}.Release|Any CPU.ActiveCfg = Release|Any CPU
		{39C9A593-D917-464D-B502-318A65B95421}.Release|Any CPU.Build.0 = Release|Any CPU
		{DEBF3E29-BBE3-42F8-895F-6962DE1A497A}.Debug|Any CPU.ActiveCfg = Debug|Any CPU
		{DEBF3E29-BBE3-42F8-895F-6962DE1A497A}.Debug|Any CPU.Build.0 = Debug|Any CPU
		{DEBF3E29-BBE3-42F8-895F-6962DE1A497A}.Release|Any CPU.ActiveCfg = Release|Any CPU
		{DEBF3E29-BBE3-42F8-895F-6962DE1A497A}.Release|Any CPU.Build.0 = Release|Any CPU
		{157F0789-C483-4DF1-969C-1F1906D55A25}.Debug|Any CPU.ActiveCfg = Debug|Any CPU
		{157F0789-C483-4DF1-969C-1F1906D55A25}.Debug|Any CPU.Build.0 = Debug|Any CPU
		{157F0789-C483-4DF1-969C-1F1906D55A25}.Release|Any CPU.ActiveCfg = Release|Any CPU
		{157F0789-C483-4DF1-969C-1F1906D55A25}.Release|Any CPU.Build.0 = Release|Any CPU
		{7BDB53F9-C8C9-4CD4-BE90-5E61DE9607A2}.Debug|Any CPU.ActiveCfg = Debug|Any CPU
		{7BDB53F9-C8C9-4CD4-BE90-5E61DE9607A2}.Debug|Any CPU.Build.0 = Debug|Any CPU
		{7BDB53F9-C8C9-4CD4-BE90-5E61DE9607A2}.Release|Any CPU.ActiveCfg = Release|Any CPU
		{7BDB53F9-C8C9-4CD4-BE90-5E61DE9607A2}.Release|Any CPU.Build.0 = Release|Any CPU
		{FB38158E-C9BB-4E8D-ADA6-C02BEC0018AD}.Debug|Any CPU.ActiveCfg = Debug|Any CPU
		{FB38158E-C9BB-4E8D-ADA6-C02BEC0018AD}.Debug|Any CPU.Build.0 = Debug|Any CPU
		{FB38158E-C9BB-4E8D-ADA6-C02BEC0018AD}.Release|Any CPU.ActiveCfg = Release|Any CPU
		{FB38158E-C9BB-4E8D-ADA6-C02BEC0018AD}.Release|Any CPU.Build.0 = Release|Any CPU
		{0B0F57DD-33C1-44FB-83EF-DABC8E324492}.Debug|Any CPU.ActiveCfg = Debug|Any CPU
		{0B0F57DD-33C1-44FB-83EF-DABC8E324492}.Debug|Any CPU.Build.0 = Debug|Any CPU
		{0B0F57DD-33C1-44FB-83EF-DABC8E324492}.Release|Any CPU.ActiveCfg = Release|Any CPU
		{0B0F57DD-33C1-44FB-83EF-DABC8E324492}.Release|Any CPU.Build.0 = Release|Any CPU
		{21BBF615-F044-445B-B329-4BB79874B5A5}.Debug|Any CPU.ActiveCfg = Debug|Any CPU
		{21BBF615-F044-445B-B329-4BB79874B5A5}.Debug|Any CPU.Build.0 = Debug|Any CPU
		{21BBF615-F044-445B-B329-4BB79874B5A5}.Release|Any CPU.ActiveCfg = Release|Any CPU
		{21BBF615-F044-445B-B329-4BB79874B5A5}.Release|Any CPU.Build.0 = Release|Any CPU
		{8F89C19B-C4E7-4DBD-90AE-3EB7B616E957}.Debug|Any CPU.ActiveCfg = Debug|Any CPU
		{8F89C19B-C4E7-4DBD-90AE-3EB7B616E957}.Debug|Any CPU.Build.0 = Debug|Any CPU
		{8F89C19B-C4E7-4DBD-90AE-3EB7B616E957}.Release|Any CPU.ActiveCfg = Release|Any CPU
		{8F89C19B-C4E7-4DBD-90AE-3EB7B616E957}.Release|Any CPU.Build.0 = Release|Any CPU
		{C6ED9C94-3895-4F6D-ACAB-8366463D81D6}.Debug|Any CPU.ActiveCfg = Debug|Any CPU
		{C6ED9C94-3895-4F6D-ACAB-8366463D81D6}.Debug|Any CPU.Build.0 = Debug|Any CPU
		{C6ED9C94-3895-4F6D-ACAB-8366463D81D6}.Release|Any CPU.ActiveCfg = Release|Any CPU
		{C6ED9C94-3895-4F6D-ACAB-8366463D81D6}.Release|Any CPU.Build.0 = Release|Any CPU
	EndGlobalSection
	GlobalSection(SolutionProperties) = preSolution
		HideSolutionNode = FALSE
	EndGlobalSection
	GlobalSection(NestedProjects) = preSolution
		{6E12FDF0-E1F6-452B-9CE6-C57D1ADA2108} = {F719A6D1-01C5-4000-B980-A67F25F8E278}
		{8D5C5C23-BD01-4DF0-AD2B-B08DE415D5EE} = {F719A6D1-01C5-4000-B980-A67F25F8E278}
		{39C9A593-D917-464D-B502-318A65B95421} = {F719A6D1-01C5-4000-B980-A67F25F8E278}
		{DEBF3E29-BBE3-42F8-895F-6962DE1A497A} = {F719A6D1-01C5-4000-B980-A67F25F8E278}
		{157F0789-C483-4DF1-969C-1F1906D55A25} = {F719A6D1-01C5-4000-B980-A67F25F8E278}
		{7BDB53F9-C8C9-4CD4-BE90-5E61DE9607A2} = {F719A6D1-01C5-4000-B980-A67F25F8E278}
		{FB38158E-C9BB-4E8D-ADA6-C02BEC0018AD} = {1454955A-E196-40B4-A16A-FBC9CF8F017A}
		{0B0F57DD-33C1-44FB-83EF-DABC8E324492} = {38FB8A3E-0EC1-4FF0-9572-4A8B50B9D75C}
		{21BBF615-F044-445B-B329-4BB79874B5A5} = {38FB8A3E-0EC1-4FF0-9572-4A8B50B9D75C}
		{8F89C19B-C4E7-4DBD-90AE-3EB7B616E957} = {38FB8A3E-0EC1-4FF0-9572-4A8B50B9D75C}
		{C6ED9C94-3895-4F6D-ACAB-8366463D81D6} = {38FB8A3E-0EC1-4FF0-9572-4A8B50B9D75C}
	EndGlobalSection
EndGlobal
